
Microsoft Visual Studio Solution File, Format Version 12.00
# Visual Studio Version 16
VisualStudioVersion = 16.0.31624.102
MinimumVisualStudioVersion = 10.0.40219.1
Project("{2150E333-8FDC-42A3-9474-1A3956D46DE8}") = "[0] Data_base", "[0] Data_base", "{E54ECD95-6123-4F70-B34C-24E1677A77FC}"
EndProject
Project("{2150E333-8FDC-42A3-9474-1A3956D46DE8}") = "[1] DAL", "[1] DAL", "{EAD9AB4D-99C0-4F6C-9E27-DBF9F35F3DD1}"
EndProject
Project("{2150E333-8FDC-42A3-9474-1A3956D46DE8}") = "[2] BLL", "[2] BLL", "{24074528-280F-4624-9299-115278360868}"
EndProject
Project("{2150E333-8FDC-42A3-9474-1A3956D46DE8}") = "[99] Tools", "[99] Tools", "{4B2D3727-75CD-4EFA-95AC-C183E4AFC749}"
EndProject
Project("{2150E333-8FDC-42A3-9474-1A3956D46DE8}") = "[3] API", "[3] API", "{AE0F402C-E94C-4887-BA10-C8C8D4FA442D}"
EndProject
Project("{00D1A9C2-B5F0-4AF3-8072-F6C62B433612}") = "DB_AdopteUnDev", "DB_AdopteUnDev\DB_AdopteUnDev.sqlproj", "{43B8CB95-EBBF-4A35-A229-54BC132B9963}"
EndProject
Project("{9A19103F-16F7-4668-BE54-9A1E7A4F7556}") = "AdopteUnDev.DAL", "AdopteUnDev.DAL\AdopteUnDev.DAL.csproj", "{355FC5DF-A7D6-4A38-9F0B-6F819E051848}"
EndProject
Project("{9A19103F-16F7-4668-BE54-9A1E7A4F7556}") = "AdopteUnDev.BLL", "AdopteUnDev.BLL\AdopteUnDev.BLL.csproj", "{C9E61579-91EA-4737-823C-7E1AB99BC985}"
EndProject
Project("{9A19103F-16F7-4668-BE54-9A1E7A4F7556}") = "AdopteUnDev.API", "AdopteUnDev.API\AdopteUnDev.API.csproj", "{F87A4CCE-2596-4E67-80FE-65126E9F328A}"
EndProject
Project("{9A19103F-16F7-4668-BE54-9A1E7A4F7556}") = "Tools", "Tools\Tools.csproj", "{818F282A-07D8-4C6A-BA4B-48BF377B3B0E}"
EndProject
Global
	GlobalSection(SolutionConfigurationPlatforms) = preSolution
		Debug|Any CPU = Debug|Any CPU
		Release|Any CPU = Release|Any CPU
	EndGlobalSection
	GlobalSection(ProjectConfigurationPlatforms) = postSolution
		{43B8CB95-EBBF-4A35-A229-54BC132B9963}.Debug|Any CPU.ActiveCfg = Debug|Any CPU
		{43B8CB95-EBBF-4A35-A229-54BC132B9963}.Debug|Any CPU.Build.0 = Debug|Any CPU
		{43B8CB95-EBBF-4A35-A229-54BC132B9963}.Debug|Any CPU.Deploy.0 = Debug|Any CPU
		{43B8CB95-EBBF-4A35-A229-54BC132B9963}.Release|Any CPU.ActiveCfg = Release|Any CPU
		{43B8CB95-EBBF-4A35-A229-54BC132B9963}.Release|Any CPU.Build.0 = Release|Any CPU
		{43B8CB95-EBBF-4A35-A229-54BC132B9963}.Release|Any CPU.Deploy.0 = Release|Any CPU
		{355FC5DF-A7D6-4A38-9F0B-6F819E051848}.Debug|Any CPU.ActiveCfg = Debug|Any CPU
		{355FC5DF-A7D6-4A38-9F0B-6F819E051848}.Debug|Any CPU.Build.0 = Debug|Any CPU
		{355FC5DF-A7D6-4A38-9F0B-6F819E051848}.Release|Any CPU.ActiveCfg = Release|Any CPU
		{355FC5DF-A7D6-4A38-9F0B-6F819E051848}.Release|Any CPU.Build.0 = Release|Any CPU
		{C9E61579-91EA-4737-823C-7E1AB99BC985}.Debug|Any CPU.ActiveCfg = Debug|Any CPU
		{C9E61579-91EA-4737-823C-7E1AB99BC985}.Debug|Any CPU.Build.0 = Debug|Any CPU
		{C9E61579-91EA-4737-823C-7E1AB99BC985}.Release|Any CPU.ActiveCfg = Release|Any CPU
		{C9E61579-91EA-4737-823C-7E1AB99BC985}.Release|Any CPU.Build.0 = Release|Any CPU
		{F87A4CCE-2596-4E67-80FE-65126E9F328A}.Debug|Any CPU.ActiveCfg = Debug|Any CPU
		{F87A4CCE-2596-4E67-80FE-65126E9F328A}.Debug|Any CPU.Build.0 = Debug|Any CPU
		{F87A4CCE-2596-4E67-80FE-65126E9F328A}.Release|Any CPU.ActiveCfg = Release|Any CPU
		{F87A4CCE-2596-4E67-80FE-65126E9F328A}.Release|Any CPU.Build.0 = Release|Any CPU
		{818F282A-07D8-4C6A-BA4B-48BF377B3B0E}.Debug|Any CPU.ActiveCfg = Debug|Any CPU
		{818F282A-07D8-4C6A-BA4B-48BF377B3B0E}.Debug|Any CPU.Build.0 = Debug|Any CPU
		{818F282A-07D8-4C6A-BA4B-48BF377B3B0E}.Release|Any CPU.ActiveCfg = Release|Any CPU
		{818F282A-07D8-4C6A-BA4B-48BF377B3B0E}.Release|Any CPU.Build.0 = Release|Any CPU
	EndGlobalSection
	GlobalSection(SolutionProperties) = preSolution
		HideSolutionNode = FALSE
	EndGlobalSection
	GlobalSection(NestedProjects) = preSolution
		{43B8CB95-EBBF-4A35-A229-54BC132B9963} = {E54ECD95-6123-4F70-B34C-24E1677A77FC}
		{355FC5DF-A7D6-4A38-9F0B-6F819E051848} = {EAD9AB4D-99C0-4F6C-9E27-DBF9F35F3DD1}
		{C9E61579-91EA-4737-823C-7E1AB99BC985} = {24074528-280F-4624-9299-115278360868}
		{F87A4CCE-2596-4E67-80FE-65126E9F328A} = {AE0F402C-E94C-4887-BA10-C8C8D4FA442D}
		{818F282A-07D8-4C6A-BA4B-48BF377B3B0E} = {4B2D3727-75CD-4EFA-95AC-C183E4AFC749}
	EndGlobalSection
	GlobalSection(ExtensibilityGlobals) = postSolution
		SolutionGuid = {1A6F67CE-D85C-4252-8703-5E1EE1A31008}
	EndGlobalSection
EndGlobal
